// !$*UTF8*$!
{
	archiveVersion = 1;
	classes = {
	};
	objectVersion = 56;
	objects = {

/* Begin PBXBuildFile section */
		A14BDFB62C5040BB00F077BB /* MockWeatherData.swift in Sources */ = {isa = PBXBuildFile; fileRef = A14BDFB52C5040BB00F077BB /* MockWeatherData.swift */; };
		A198B04B2C4FE09C000289A9 /* CoreLocationUI.framework in Frameworks */ = {isa = PBXBuildFile; fileRef = A198B0492C4FDB69000289A9 /* CoreLocationUI.framework */; };
		A198B04D2C4FE09C000289A9 /* CoreLocation.framework in Frameworks */ = {isa = PBXBuildFile; fileRef = A198B04C2C4FE09C000289A9 /* CoreLocation.framework */; };
		A198B0512C4FE45F000289A9 /* WeatherView.swift in Sources */ = {isa = PBXBuildFile; fileRef = A198B0502C4FE45F000289A9 /* WeatherView.swift */; };
		A1DF6BC62C4EE7CD00E9BA09 /* WeatherAppApp.swift in Sources */ = {isa = PBXBuildFile; fileRef = A1DF6BC52C4EE7CD00E9BA09 /* WeatherAppApp.swift */; };
		A1DF6BC82C4EE7CD00E9BA09 /* ContentView.swift in Sources */ = {isa = PBXBuildFile; fileRef = A1DF6BC72C4EE7CD00E9BA09 /* ContentView.swift */; };
		A1DF6BCA2C4EE7CE00E9BA09 /* Assets.xcassets in Resources */ = {isa = PBXBuildFile; fileRef = A1DF6BC92C4EE7CE00E9BA09 /* Assets.xcassets */; };
		A1DF6BCE2C4EE7CE00E9BA09 /* Preview Assets.xcassets in Resources */ = {isa = PBXBuildFile; fileRef = A1DF6BCD2C4EE7CE00E9BA09 /* Preview Assets.xcassets */; };
		A1DF6BD72C4EE88B00E9BA09 /* LocationController.swift in Sources */ = {isa = PBXBuildFile; fileRef = A1DF6BD62C4EE88B00E9BA09 /* LocationController.swift */; };
		A1DF6BD92C4EE9B700E9BA09 /* WeatherController.swift in Sources */ = {isa = PBXBuildFile; fileRef = A1DF6BD82C4EE9B700E9BA09 /* WeatherController.swift */; };
		A1DF6BDC2C4FD6F500E9BA09 /* SplashView.swift in Sources */ = {isa = PBXBuildFile; fileRef = A1DF6BDB2C4FD6F500E9BA09 /* SplashView.swift */; };
/* End PBXBuildFile section */

/* Begin PBXFileReference section */
		A14BDFB52C5040BB00F077BB /* MockWeatherData.swift */ = {isa = PBXFileReference; lastKnownFileType = sourcecode.swift; path = MockWeatherData.swift; sourceTree = "<group>"; };
		A198B0492C4FDB69000289A9 /* CoreLocationUI.framework */ = {isa = PBXFileReference; lastKnownFileType = wrapper.framework; name = CoreLocationUI.framework; path = Platforms/iPhoneOS.platform/Developer/SDKs/iPhoneOS17.5.sdk/System/Library/Frameworks/CoreLocationUI.framework; sourceTree = DEVELOPER_DIR; };
		A198B04C2C4FE09C000289A9 /* CoreLocation.framework */ = {isa = PBXFileReference; lastKnownFileType = wrapper.framework; name = CoreLocation.framework; path = Platforms/iPhoneOS.platform/Developer/SDKs/iPhoneOS17.5.sdk/System/Library/Frameworks/CoreLocation.framework; sourceTree = DEVELOPER_DIR; };
		A198B0502C4FE45F000289A9 /* WeatherView.swift */ = {isa = PBXFileReference; lastKnownFileType = sourcecode.swift; path = WeatherView.swift; sourceTree = "<group>"; };
		A1DF6BC22C4EE7CD00E9BA09 /* WeatherApp.app */ = {isa = PBXFileReference; explicitFileType = wrapper.application; includeInIndex = 0; path = WeatherApp.app; sourceTree = BUILT_PRODUCTS_DIR; };
		A1DF6BC52C4EE7CD00E9BA09 /* WeatherAppApp.swift */ = {isa = PBXFileReference; lastKnownFileType = sourcecode.swift; path = WeatherAppApp.swift; sourceTree = "<group>"; };
		A1DF6BC72C4EE7CD00E9BA09 /* ContentView.swift */ = {isa = PBXFileReference; lastKnownFileType = sourcecode.swift; path = ContentView.swift; sourceTree = "<group>"; };
		A1DF6BC92C4EE7CE00E9BA09 /* Assets.xcassets */ = {isa = PBXFileReference; lastKnownFileType = folder.assetcatalog; path = Assets.xcassets; sourceTree = "<group>"; };
		A1DF6BCB2C4EE7CE00E9BA09 /* WeatherApp.entitlements */ = {isa = PBXFileReference; lastKnownFileType = text.plist.entitlements; path = WeatherApp.entitlements; sourceTree = "<group>"; };
		A1DF6BCD2C4EE7CE00E9BA09 /* Preview Assets.xcassets */ = {isa = PBXFileReference; lastKnownFileType = folder.assetcatalog; path = "Preview Assets.xcassets"; sourceTree = "<group>"; };
		A1DF6BD62C4EE88B00E9BA09 /* LocationController.swift */ = {isa = PBXFileReference; lastKnownFileType = sourcecode.swift; path = LocationController.swift; sourceTree = "<group>"; };
		A1DF6BD82C4EE9B700E9BA09 /* WeatherController.swift */ = {isa = PBXFileReference; lastKnownFileType = sourcecode.swift; path = WeatherController.swift; sourceTree = "<group>"; };
		A1DF6BDA2C4EF22A00E9BA09 /* Info.plist */ = {isa = PBXFileReference; lastKnownFileType = text.plist; path = Info.plist; sourceTree = "<group>"; };
		A1DF6BDB2C4FD6F500E9BA09 /* SplashView.swift */ = {isa = PBXFileReference; lastKnownFileType = sourcecode.swift; path = SplashView.swift; sourceTree = "<group>"; };
/* End PBXFileReference section */

/* Begin PBXFrameworksBuildPhase section */
		A1DF6BBF2C4EE7CD00E9BA09 /* Frameworks */ = {
			isa = PBXFrameworksBuildPhase;
			buildActionMask = 2147483647;
			files = (
				A198B04D2C4FE09C000289A9 /* CoreLocation.framework in Frameworks */,
				A198B04B2C4FE09C000289A9 /* CoreLocationUI.framework in Frameworks */,
			);
			runOnlyForDeploymentPostprocessing = 0;
		};
/* End PBXFrameworksBuildPhase section */

/* Begin PBXGroup section */
		A198B0482C4FDB69000289A9 /* Frameworks */ = {
			isa = PBXGroup;
			children = (
				A198B04C2C4FE09C000289A9 /* CoreLocation.framework */,
				A198B0492C4FDB69000289A9 /* CoreLocationUI.framework */,
			);
			name = Frameworks;
			sourceTree = "<group>";
		};
		A1DF6BB92C4EE7CD00E9BA09 = {
			isa = PBXGroup;
			children = (
				A1DF6BC42C4EE7CD00E9BA09 /* WeatherApp */,
				A1DF6BC32C4EE7CD00E9BA09 /* Products */,
				A198B0482C4FDB69000289A9 /* Frameworks */,
			);
			sourceTree = "<group>";
		};
		A1DF6BC32C4EE7CD00E9BA09 /* Products */ = {
			isa = PBXGroup;
			children = (
				A1DF6BC22C4EE7CD00E9BA09 /* WeatherApp.app */,
			);
			name = Products;
			sourceTree = "<group>";
		};
		A1DF6BC42C4EE7CD00E9BA09 /* WeatherApp */ = {
			isa = PBXGroup;
			children = (
				A1DF6BDA2C4EF22A00E9BA09 /* Info.plist */,
				A1DF6BD52C4EE86B00E9BA09 /* Controllers */,
				A1DF6BD42C4EE7FB00E9BA09 /* Views */,
				A1DF6BC52C4EE7CD00E9BA09 /* WeatherAppApp.swift */,
				A1DF6BC92C4EE7CE00E9BA09 /* Assets.xcassets */,
				A1DF6BCB2C4EE7CE00E9BA09 /* WeatherApp.entitlements */,
				A1DF6BCC2C4EE7CE00E9BA09 /* Preview Content */,
			);
			path = WeatherApp;
			sourceTree = "<group>";
		};
		A1DF6BCC2C4EE7CE00E9BA09 /* Preview Content */ = {
			isa = PBXGroup;
			children = (
				A1DF6BCD2C4EE7CE00E9BA09 /* Preview Assets.xcassets */,
				A14BDFB52C5040BB00F077BB /* MockWeatherData.swift */,
			);
			path = "Preview Content";
			sourceTree = "<group>";
		};
		A1DF6BD42C4EE7FB00E9BA09 /* Views */ = {
			isa = PBXGroup;
			children = (
				A1DF6BC72C4EE7CD00E9BA09 /* ContentView.swift */,
				A1DF6BDB2C4FD6F500E9BA09 /* SplashView.swift */,
				A198B0502C4FE45F000289A9 /* WeatherView.swift */,
			);
			path = Views;
			sourceTree = "<group>";
		};
		A1DF6BD52C4EE86B00E9BA09 /* Controllers */ = {
			isa = PBXGroup;
			children = (
				A1DF6BD62C4EE88B00E9BA09 /* LocationController.swift */,
				A1DF6BD82C4EE9B700E9BA09 /* WeatherController.swift */,
			);
			path = Controllers;
			sourceTree = "<group>";
		};
/* End PBXGroup section */

/* Begin PBXNativeTarget section */
		A1DF6BC12C4EE7CD00E9BA09 /* WeatherApp */ = {
			isa = PBXNativeTarget;
			buildConfigurationList = A1DF6BD12C4EE7CE00E9BA09 /* Build configuration list for PBXNativeTarget "WeatherApp" */;
			buildPhases = (
				A1DF6BBE2C4EE7CD00E9BA09 /* Sources */,
				A1DF6BBF2C4EE7CD00E9BA09 /* Frameworks */,
				A1DF6BC02C4EE7CD00E9BA09 /* Resources */,
			);
			buildRules = (
			);
			dependencies = (
			);
			name = WeatherApp;
			productName = WeatherApp;
			productReference = A1DF6BC22C4EE7CD00E9BA09 /* WeatherApp.app */;
			productType = "com.apple.product-type.application";
		};
/* End PBXNativeTarget section */

/* Begin PBXProject section */
		A1DF6BBA2C4EE7CD00E9BA09 /* Project object */ = {
			isa = PBXProject;
			attributes = {
				BuildIndependentTargetsInParallel = 1;
				LastSwiftUpdateCheck = 1540;
				LastUpgradeCheck = 1540;
				TargetAttributes = {
					A1DF6BC12C4EE7CD00E9BA09 = {
						CreatedOnToolsVersion = 15.4;
					};
				};
			};
			buildConfigurationList = A1DF6BBD2C4EE7CD00E9BA09 /* Build configuration list for PBXProject "WeatherApp" */;
			compatibilityVersion = "Xcode 14.0";
			developmentRegion = en;
			hasScannedForEncodings = 0;
			knownRegions = (
				en,
				Base,
			);
			mainGroup = A1DF6BB92C4EE7CD00E9BA09;
			productRefGroup = A1DF6BC32C4EE7CD00E9BA09 /* Products */;
			projectDirPath = "";
			projectRoot = "";
			targets = (
				A1DF6BC12C4EE7CD00E9BA09 /* WeatherApp */,
			);
		};
/* End PBXProject section */

/* Begin PBXResourcesBuildPhase section */
		A1DF6BC02C4EE7CD00E9BA09 /* Resources */ = {
			isa = PBXResourcesBuildPhase;
			buildActionMask = 2147483647;
			files = (
				A1DF6BCE2C4EE7CE00E9BA09 /* Preview Assets.xcassets in Resources */,
				A1DF6BCA2C4EE7CE00E9BA09 /* Assets.xcassets in Resources */,
			);
			runOnlyForDeploymentPostprocessing = 0;
		};
/* End PBXResourcesBuildPhase section */

/* Begin PBXSourcesBuildPhase section */
		A1DF6BBE2C4EE7CD00E9BA09 /* Sources */ = {
			isa = PBXSourcesBuildPhase;
			buildActionMask = 2147483647;
			files = (
				A1DF6BC82C4EE7CD00E9BA09 /* ContentView.swift in Sources */,
				A1DF6BD72C4EE88B00E9BA09 /* LocationController.swift in Sources */,
				A1DF6BDC2C4FD6F500E9BA09 /* SplashView.swift in Sources */,
				A14BDFB62C5040BB00F077BB /* MockWeatherData.swift in Sources */,
				A198B0512C4FE45F000289A9 /* WeatherView.swift in Sources */,
				A1DF6BD92C4EE9B700E9BA09 /* WeatherController.swift in Sources */,
				A1DF6BC62C4EE7CD00E9BA09 /* WeatherAppApp.swift in Sources */,
			);
			runOnlyForDeploymentPostprocessing = 0;
		};
/* End PBXSourcesBuildPhase section */

/* Begin XCBuildConfiguration section */
		A1DF6BCF2C4EE7CE00E9BA09 /* Debug */ = {
			isa = XCBuildConfiguration;
			buildSettings = {
				ALWAYS_SEARCH_USER_PATHS = NO;
				ASSETCATALOG_COMPILER_GENERATE_SWIFT_ASSET_SYMBOL_EXTENSIONS = YES;
				CLANG_ANALYZER_NONNULL = YES;
				CLANG_ANALYZER_NUMBER_OBJECT_CONVERSION = YES_AGGRESSIVE;
				CLANG_CXX_LANGUAGE_STANDARD = "gnu++20";
				CLANG_ENABLE_MODULES = YES;
				CLANG_ENABLE_OBJC_ARC = YES;
				CLANG_ENABLE_OBJC_WEAK = YES;
				CLANG_WARN_BLOCK_CAPTURE_AUTORELEASING = YES;
				CLANG_WARN_BOOL_CONVERSION = YES;
				CLANG_WARN_COMMA = YES;
				CLANG_WARN_CONSTANT_CONVERSION = YES;
				CLANG_WARN_DEPRECATED_OBJC_IMPLEMENTATIONS = YES;
				CLANG_WARN_DIRECT_OBJC_ISA_USAGE = YES_ERROR;
				CLANG_WARN_DOCUMENTATION_COMMENTS = YES;
				CLANG_WARN_EMPTY_BODY = YES;
				CLANG_WARN_ENUM_CONVERSION = YES;
				CLANG_WARN_INFINITE_RECURSION = YES;
				CLANG_WARN_INT_CONVERSION = YES;
				CLANG_WARN_NON_LITERAL_NULL_CONVERSION = YES;
				CLANG_WARN_OBJC_IMPLICIT_RETAIN_SELF = YES;
				CLANG_WARN_OBJC_LITERAL_CONVERSION = YES;
				CLANG_WARN_OBJC_ROOT_CLASS = YES_ERROR;
				CLANG_WARN_QUOTED_INCLUDE_IN_FRAMEWORK_HEADER = YES;
				CLANG_WARN_RANGE_LOOP_ANALYSIS = YES;
				CLANG_WARN_STRICT_PROTOTYPES = YES;
				CLANG_WARN_SUSPICIOUS_MOVE = YES;
				CLANG_WARN_UNGUARDED_AVAILABILITY = YES_AGGRESSIVE;
				CLANG_WARN_UNREACHABLE_CODE = YES;
				CLANG_WARN__DUPLICATE_METHOD_MATCH = YES;
				COPY_PHASE_STRIP = NO;
				DEBUG_INFORMATION_FORMAT = dwarf;
				ENABLE_STRICT_OBJC_MSGSEND = YES;
				ENABLE_TESTABILITY = YES;
				ENABLE_USER_SCRIPT_SANDBOXING = YES;
				GCC_C_LANGUAGE_STANDARD = gnu17;
				GCC_DYNAMIC_NO_PIC = NO;
				GCC_NO_COMMON_BLOCKS = YES;
				GCC_OPTIMIZATION_LEVEL = 0;
				GCC_PREPROCESSOR_DEFINITIONS = (
					"DEBUG=1",
					"$(inherited)",
				);
				GCC_WARN_64_TO_32_BIT_CONVERSION = YES;
				GCC_WARN_ABOUT_RETURN_TYPE = YES_ERROR;
				GCC_WARN_UNDECLARED_SELECTOR = YES;
				GCC_WARN_UNINITIALIZED_AUTOS = YES_AGGRESSIVE;
				GCC_WARN_UNUSED_FUNCTION = YES;
				GCC_WARN_UNUSED_VARIABLE = YES;
				LOCALIZATION_PREFERS_STRING_CATALOGS = YES;
				MTL_ENABLE_DEBUG_INFO = INCLUDE_SOURCE;
				MTL_FAST_MATH = YES;
				ONLY_ACTIVE_ARCH = YES;
				SWIFT_ACTIVE_COMPILATION_CONDITIONS = "DEBUG $(inherited)";
				SWIFT_OPTIMIZATION_LEVEL = "-Onone";
			};
			name = Debug;
		};
		A1DF6BD02C4EE7CE00E9BA09 /* Release */ = {
			isa = XCBuildConfiguration;
			buildSettings = {
				ALWAYS_SEARCH_USER_PATHS = NO;
				ASSETCATALOG_COMPILER_GENERATE_SWIFT_ASSET_SYMBOL_EXTENSIONS = YES;
				CLANG_ANALYZER_NONNULL = YES;
				CLANG_ANALYZER_NUMBER_OBJECT_CONVERSION = YES_AGGRESSIVE;
				CLANG_CXX_LANGUAGE_STANDARD = "gnu++20";
				CLANG_ENABLE_MODULES = YES;
				CLANG_ENABLE_OBJC_ARC = YES;
				CLANG_ENABLE_OBJC_WEAK = YES;
				CLANG_WARN_BLOCK_CAPTURE_AUTORELEASING = YES;
				CLANG_WARN_BOOL_CONVERSION = YES;
				CLANG_WARN_COMMA = YES;
				CLANG_WARN_CONSTANT_CONVERSION = YES;
				CLANG_WARN_DEPRECATED_OBJC_IMPLEMENTATIONS = YES;
				CLANG_WARN_DIRECT_OBJC_ISA_USAGE = YES_ERROR;
				CLANG_WARN_DOCUMENTATION_COMMENTS = YES;
				CLANG_WARN_EMPTY_BODY = YES;
				CLANG_WARN_ENUM_CONVERSION = YES;
				CLANG_WARN_INFINITE_RECURSION = YES;
				CLANG_WARN_INT_CONVERSION = YES;
				CLANG_WARN_NON_LITERAL_NULL_CONVERSION = YES;
				CLANG_WARN_OBJC_IMPLICIT_RETAIN_SELF = YES;
				CLANG_WARN_OBJC_LITERAL_CONVERSION = YES;
				CLANG_WARN_OBJC_ROOT_CLASS = YES_ERROR;
				CLANG_WARN_QUOTED_INCLUDE_IN_FRAMEWORK_HEADER = YES;
				CLANG_WARN_RANGE_LOOP_ANALYSIS = YES;
				CLANG_WARN_STRICT_PROTOTYPES = YES;
				CLANG_WARN_SUSPICIOUS_MOVE = YES;
				CLANG_WARN_UNGUARDED_AVAILABILITY = YES_AGGRESSIVE;
				CLANG_WARN_UNREACHABLE_CODE = YES;
				CLANG_WARN__DUPLICATE_METHOD_MATCH = YES;
				COPY_PHASE_STRIP = NO;
				DEBUG_INFORMATION_FORMAT = "dwarf-with-dsym";
				ENABLE_NS_ASSERTIONS = NO;
				ENABLE_STRICT_OBJC_MSGSEND = YES;
				ENABLE_USER_SCRIPT_SANDBOXING = YES;
				GCC_C_LANGUAGE_STANDARD = gnu17;
				GCC_NO_COMMON_BLOCKS = YES;
				GCC_WARN_64_TO_32_BIT_CONVERSION = YES;
				GCC_WARN_ABOUT_RETURN_TYPE = YES_ERROR;
				GCC_WARN_UNDECLARED_SELECTOR = YES;
				GCC_WARN_UNINITIALIZED_AUTOS = YES_AGGRESSIVE;
				GCC_WARN_UNUSED_FUNCTION = YES;
				GCC_WARN_UNUSED_VARIABLE = YES;
				LOCALIZATION_PREFERS_STRING_CATALOGS = YES;
				MTL_ENABLE_DEBUG_INFO = NO;
				MTL_FAST_MATH = YES;
				SWIFT_COMPILATION_MODE = wholemodule;
			};
			name = Release;
		};
		A1DF6BD22C4EE7CE00E9BA09 /* Debug */ = {
			isa = XCBuildConfiguration;
			buildSettings = {
				ASSETCATALOG_COMPILER_APPICON_NAME = AppIcon;
				ASSETCATALOG_COMPILER_GLOBAL_ACCENT_COLOR_NAME = AccentColor;
				CODE_SIGN_ENTITLEMENTS = "";
				CODE_SIGN_STYLE = Automatic;
				CURRENT_PROJECT_VERSION = 1;
				DEVELOPMENT_ASSET_PATHS = "\"WeatherApp/Preview Content\"";
				DEVELOPMENT_TEAM = XPQZWS5GB3;
				ENABLE_HARDENED_RUNTIME = YES;
				ENABLE_PREVIEWS = YES;
				GENERATE_INFOPLIST_FILE = YES;
				INFOPLIST_FILE = WeatherApp/Info.plist;
				INFOPLIST_KEY_CFBundleDisplayName = "Weather App";
				"INFOPLIST_KEY_UIApplicationSceneManifest_Generation[sdk=iphoneos*]" = YES;
				"INFOPLIST_KEY_UIApplicationSceneManifest_Generation[sdk=iphonesimulator*]" = YES;
				"INFOPLIST_KEY_UIApplicationSupportsIndirectInputEvents[sdk=iphoneos*]" = YES;
				"INFOPLIST_KEY_UIApplicationSupportsIndirectInputEvents[sdk=iphonesimulator*]" = YES;
				"INFOPLIST_KEY_UILaunchScreen_Generation[sdk=iphoneos*]" = YES;
				"INFOPLIST_KEY_UILaunchScreen_Generation[sdk=iphonesimulator*]" = YES;
				"INFOPLIST_KEY_UIStatusBarStyle[sdk=iphoneos*]" = UIStatusBarStyleDefault;
				"INFOPLIST_KEY_UIStatusBarStyle[sdk=iphonesimulator*]" = UIStatusBarStyleDefault;
				INFOPLIST_KEY_UISupportedInterfaceOrientations_iPad = "UIInterfaceOrientationPortrait UIInterfaceOrientationPortraitUpsideDown UIInterfaceOrientationLandscapeLeft UIInterfaceOrientationLandscapeRight";
				INFOPLIST_KEY_UISupportedInterfaceOrientations_iPhone = "UIInterfaceOrientationPortrait UIInterfaceOrientationLandscapeLeft UIInterfaceOrientationLandscapeRight";
				IPHONEOS_DEPLOYMENT_TARGET = 17.5;
				LD_RUNPATH_SEARCH_PATHS = "@executable_path/Frameworks";
				"LD_RUNPATH_SEARCH_PATHS[sdk=macosx*]" = "@executable_path/../Frameworks";
				MACOSX_DEPLOYMENT_TARGET = 14.5;
				MARKETING_VERSION = 1.0;
				PRODUCT_BUNDLE_IDENTIFIER = com.luccab03.WeatherApp;
				PRODUCT_NAME = "$(TARGET_NAME)";
				SDKROOT = auto;
				SUPPORTED_PLATFORMS = "iphoneos iphonesimulator";
				SUPPORTS_MACCATALYST = NO;
				SWIFT_EMIT_LOC_STRINGS = YES;
				SWIFT_VERSION = 5.0;
				TARGETED_DEVICE_FAMILY = "1,2";
			};
			name = Debug;
		};
		A1DF6BD32C4EE7CE00E9BA09 /* Release */ = {
			isa = XCBuildConfiguration;
			buildSettings = {
				ASSETCATALOG_COMPILER_APPICON_NAME = AppIcon;
				ASSETCATALOG_COMPILER_GLOBAL_ACCENT_COLOR_NAME = AccentColor;
				CODE_SIGN_ENTITLEMENTS = "";
				CODE_SIGN_STYLE = Automatic;
				CURRENT_PROJECT_VERSION = 1;
				DEVELOPMENT_ASSET_PATHS = "\"WeatherApp/Preview Content\"";
				DEVELOPMENT_TEAM = XPQZWS5GB3;
				ENABLE_HARDENED_RUNTIME = YES;
				ENABLE_PREVIEWS = YES;
				GENERATE_INFOPLIST_FILE = YES;
				INFOPLIST_FILE = WeatherApp/Info.plist;
				INFOPLIST_KEY_CFBundleDisplayName = "Weather App";
				"INFOPLIST_KEY_UIApplicationSceneManifest_Generation[sdk=iphoneos*]" = YES;
				"INFOPLIST_KEY_UIApplicationSceneManifest_Generation[sdk=iphonesimulator*]" = YES;
				"INFOPLIST_KEY_UIApplicationSupportsIndirectInputEvents[sdk=iphoneos*]" = YES;
				"INFOPLIST_KEY_UIApplicationSupportsIndirectInputEvents[sdk=iphonesimulator*]" = YES;
				"INFOPLIST_KEY_UILaunchScreen_Generation[sdk=iphoneos*]" = YES;
				"INFOPLIST_KEY_UILaunchScreen_Generation[sdk=iphonesimulator*]" = YES;
				"INFOPLIST_KEY_UIStatusBarStyle[sdk=iphoneos*]" = UIStatusBarStyleDefault;
				"INFOPLIST_KEY_UIStatusBarStyle[sdk=iphonesimulator*]" = UIStatusBarStyleDefault;
				INFOPLIST_KEY_UISupportedInterfaceOrientations_iPad = "UIInterfaceOrientationPortrait UIInterfaceOrientationPortraitUpsideDown UIInterfaceOrientationLandscapeLeft UIInterfaceOrientationLandscapeRight";
				INFOPLIST_KEY_UISupportedInterfaceOrientations_iPhone = "UIInterfaceOrientationPortrait UIInterfaceOrientationLandscapeLeft UIInterfaceOrientationLandscapeRight";
				IPHONEOS_DEPLOYMENT_TARGET = 17.5;
				LD_RUNPATH_SEARCH_PATHS = "@executable_path/Frameworks";
				"LD_RUNPATH_SEARCH_PATHS[sdk=macosx*]" = "@executable_path/../Frameworks";
				MACOSX_DEPLOYMENT_TARGET = 14.5;
				MARKETING_VERSION = 1.0;
				PRODUCT_BUNDLE_IDENTIFIER = com.luccab03.WeatherApp;
				PRODUCT_NAME = "$(TARGET_NAME)";
				SDKROOT = auto;
				SUPPORTED_PLATFORMS = "iphoneos iphonesimulator";
				SUPPORTS_MACCATALYST = NO;
				SWIFT_EMIT_LOC_STRINGS = YES;
				SWIFT_VERSION = 5.0;
				TARGETED_DEVICE_FAMILY = "1,2";
			};
			name = Release;
		};
/* End XCBuildConfiguration section */

/* Begin XCConfigurationList section */
		A1DF6BBD2C4EE7CD00E9BA09 /* Build configuration list for PBXProject "WeatherApp" */ = {
			isa = XCConfigurationList;
			buildConfigurations = (
				A1DF6BCF2C4EE7CE00E9BA09 /* Debug */,
				A1DF6BD02C4EE7CE00E9BA09 /* Release */,
			);
			defaultConfigurationIsVisible = 0;
			defaultConfigurationName = Release;
		};
		A1DF6BD12C4EE7CE00E9BA09 /* Build configuration list for PBXNativeTarget "WeatherApp" */ = {
			isa = XCConfigurationList;
			buildConfigurations = (
				A1DF6BD22C4EE7CE00E9BA09 /* Debug */,
				A1DF6BD32C4EE7CE00E9BA09 /* Release */,
			);
			defaultConfigurationIsVisible = 0;
			defaultConfigurationName = Release;
		};
/* End XCConfigurationList section */
	};
	rootObject = A1DF6BBA2C4EE7CD00E9BA09 /* Project object */;
}
